
Microsoft Visual Studio Solution File, Format Version 12.00
# Visual Studio 15
VisualStudioVersion = 15.0.27130.2010
MinimumVisualStudioVersion = 10.0.40219.1
Project("{9A19103F-16F7-4668-BE54-9A1E7A4F7556}") = "DelegatesMethodsLambdas", "DelegatesMethodsLambdas\DelegatesMethodsLambdas.csproj", "{0C729953-CE58-45C0-B24D-5F0F5A45E717}"
EndProject
Global
	GlobalSection(SolutionConfigurationPlatforms) = preSolution
		Debug|Any CPU = Debug|Any CPU
		Release|Any CPU = Release|Any CPU
	EndGlobalSection
	GlobalSection(ProjectConfigurationPlatforms) = postSolution
		{0C729953-CE58-45C0-B24D-5F0F5A45E717}.Debug|Any CPU.ActiveCfg = Debug|Any CPU
		{0C729953-CE58-45C0-B24D-5F0F5A45E717}.Debug|Any CPU.Build.0 = Debug|Any CPU
		{0C729953-CE58-45C0-B24D-5F0F5A45E717}.Release|Any CPU.ActiveCfg = Release|Any CPU
		{0C729953-CE58-45C0-B24D-5F0F5A45E717}.Release|Any CPU.Build.0 = Release|Any CPU
	EndGlobalSection
	GlobalSection(SolutionProperties) = preSolution
		HideSolutionNode = FALSE
	EndGlobalSection
	GlobalSection(ExtensibilityGlobals) = postSolution
		SolutionGuid = {2D4AEE57-5985-4029-8026-F5680B37D5C3}
	EndGlobalSection
EndGlobal
