
Microsoft Visual Studio Solution File, Format Version 12.00
Project("{FAE04EC0-301F-11D3-BF4B-00C04F79EFBC}") = "BatchProcess3", "BatchProcess3\BatchProcess3.csproj", "{0CB7F02C-C3F7-4468-9969-59534A40EFCA}"
EndProject
Project("{FAE04EC0-301F-11D3-BF4B-00C04F79EFBC}") = "BatchProcess3.Desktop", "BatchProcess3.Desktop\BatchProcess3.Desktop.csproj", "{D04D568E-A0DE-4A93-B087-DC1B43F63D87}"
EndProject
Project("{FAE04EC0-301F-11D3-BF4B-00C04F79EFBC}") = "BatchProcess3.Browser", "BatchProcess3.Browser\BatchProcess3.Browser.csproj", "{608FE1CB-9F1E-40CA-9489-2303B558C95D}"
EndProject
Global
	GlobalSection(SolutionConfigurationPlatforms) = preSolution
		Debug|Any CPU = Debug|Any CPU
		Release|Any CPU = Release|Any CPU
	EndGlobalSection
	GlobalSection(ProjectConfigurationPlatforms) = postSolution
		{0CB7F02C-C3F7-4468-9969-59534A40EFCA}.Debug|Any CPU.ActiveCfg = Debug|Any CPU
		{0CB7F02C-C3F7-4468-9969-59534A40EFCA}.Debug|Any CPU.Build.0 = Debug|Any CPU
		{0CB7F02C-C3F7-4468-9969-59534A40EFCA}.Release|Any CPU.ActiveCfg = Release|Any CPU
		{0CB7F02C-C3F7-4468-9969-59534A40EFCA}.Release|Any CPU.Build.0 = Release|Any CPU
		{D04D568E-A0DE-4A93-B087-DC1B43F63D87}.Debug|Any CPU.ActiveCfg = Debug|Any CPU
		{D04D568E-A0DE-4A93-B087-DC1B43F63D87}.Debug|Any CPU.Build.0 = Debug|Any CPU
		{D04D568E-A0DE-4A93-B087-DC1B43F63D87}.Release|Any CPU.ActiveCfg = Release|Any CPU
		{D04D568E-A0DE-4A93-B087-DC1B43F63D87}.Release|Any CPU.Build.0 = Release|Any CPU
		{608FE1CB-9F1E-40CA-9489-2303B558C95D}.Debug|Any CPU.ActiveCfg = Debug|Any CPU
		{608FE1CB-9F1E-40CA-9489-2303B558C95D}.Debug|Any CPU.Build.0 = Debug|Any CPU
		{608FE1CB-9F1E-40CA-9489-2303B558C95D}.Release|Any CPU.ActiveCfg = Release|Any CPU
		{608FE1CB-9F1E-40CA-9489-2303B558C95D}.Release|Any CPU.Build.0 = Release|Any CPU
	EndGlobalSection
EndGlobal
