
Microsoft Visual Studio Solution File, Format Version 12.00
Project("{FAE04EC0-301F-11D3-BF4B-00C04F79EFBC}") = "BatchProcess3", "BatchProcess3\BatchProcess3.csproj", "{0CB7F02C-C3F7-4468-9969-59534A40EFCA}"
EndProject
Project("{FAE04EC0-301F-11D3-BF4B-00C04F79EFBC}") = "BatchProcess3.Desktop", "BatchProcess3.Desktop\BatchProcess3.Desktop.csproj", "{D04D568E-A0DE-4A93-B087-DC1B43F63D87}"
EndProject
Project("{FAE04EC0-301F-11D3-BF4B-00C04F79EFBC}") = "BatchProcess3Host", "BatchProcess3Host\BatchProcess3Host.csproj", "{F636DDE8-B415-40D3-B941-C7822BE8E004}"
EndProject
Project("{FAE04EC0-301F-11D3-BF4B-00C04F79EFBC}") = "BatchProcess3.Core", "BatchProcess3.Core\BatchProcess3.Core.csproj", "{EC5C60AA-7D14-4EAB-ACE0-BE8645F56F42}"
EndProject
Project("{2150E333-8FDC-42A3-9474-1A3956D46DE8}") = "Client", "Client", "{E526B1D0-7A81-429C-A725-62A144EB1387}"
EndProject
Project("{2150E333-8FDC-42A3-9474-1A3956D46DE8}") = "Shared", "Shared", "{87B56D25-0074-4BDA-9427-7834253193D3}"
EndProject
Project("{2150E333-8FDC-42A3-9474-1A3956D46DE8}") = "SolidWorks Host", "SolidWorks Host", "{7246FA2B-9CA5-41C8-A1C4-33BCB82A4D8F}"
EndProject
Global
	GlobalSection(SolutionConfigurationPlatforms) = preSolution
		Debug|Any CPU = Debug|Any CPU
		Release|Any CPU = Release|Any CPU
	EndGlobalSection
	GlobalSection(ProjectConfigurationPlatforms) = postSolution
		{0CB7F02C-C3F7-4468-9969-59534A40EFCA}.Debug|Any CPU.ActiveCfg = Debug|Any CPU
		{0CB7F02C-C3F7-4468-9969-59534A40EFCA}.Debug|Any CPU.Build.0 = Debug|Any CPU
		{0CB7F02C-C3F7-4468-9969-59534A40EFCA}.Release|Any CPU.ActiveCfg = Release|Any CPU
		{0CB7F02C-C3F7-4468-9969-59534A40EFCA}.Release|Any CPU.Build.0 = Release|Any CPU
		{D04D568E-A0DE-4A93-B087-DC1B43F63D87}.Debug|Any CPU.ActiveCfg = Debug|Any CPU
		{D04D568E-A0DE-4A93-B087-DC1B43F63D87}.Debug|Any CPU.Build.0 = Debug|Any CPU
		{D04D568E-A0DE-4A93-B087-DC1B43F63D87}.Release|Any CPU.ActiveCfg = Release|Any CPU
		{D04D568E-A0DE-4A93-B087-DC1B43F63D87}.Release|Any CPU.Build.0 = Release|Any CPU
		{F636DDE8-B415-40D3-B941-C7822BE8E004}.Debug|Any CPU.ActiveCfg = Debug|Any CPU
		{F636DDE8-B415-40D3-B941-C7822BE8E004}.Debug|Any CPU.Build.0 = Debug|Any CPU
		{F636DDE8-B415-40D3-B941-C7822BE8E004}.Release|Any CPU.ActiveCfg = Release|Any CPU
		{F636DDE8-B415-40D3-B941-C7822BE8E004}.Release|Any CPU.Build.0 = Release|Any CPU
		{EC5C60AA-7D14-4EAB-ACE0-BE8645F56F42}.Debug|Any CPU.ActiveCfg = Debug|Any CPU
		{EC5C60AA-7D14-4EAB-ACE0-BE8645F56F42}.Debug|Any CPU.Build.0 = Debug|Any CPU
		{EC5C60AA-7D14-4EAB-ACE0-BE8645F56F42}.Release|Any CPU.ActiveCfg = Release|Any CPU
		{EC5C60AA-7D14-4EAB-ACE0-BE8645F56F42}.Release|Any CPU.Build.0 = Release|Any CPU
	EndGlobalSection
	GlobalSection(NestedProjects) = preSolution
		{0CB7F02C-C3F7-4468-9969-59534A40EFCA} = {E526B1D0-7A81-429C-A725-62A144EB1387}
		{D04D568E-A0DE-4A93-B087-DC1B43F63D87} = {E526B1D0-7A81-429C-A725-62A144EB1387}
		{EC5C60AA-7D14-4EAB-ACE0-BE8645F56F42} = {87B56D25-0074-4BDA-9427-7834253193D3}
		{F636DDE8-B415-40D3-B941-C7822BE8E004} = {7246FA2B-9CA5-41C8-A1C4-33BCB82A4D8F}
	EndGlobalSection
EndGlobal
