
Microsoft Visual Studio Solution File, Format Version 12.00
# Visual Studio 15
VisualStudioVersion = 15.0.27428.2037
MinimumVisualStudioVersion = 10.0.40219.1
Project("{9A19103F-16F7-4668-BE54-9A1E7A4F7556}") = "EmailSendTester", "EmailSendTester.csproj", "{916EE023-523E-473C-BF2E-871CABE9B6B6}"
EndProject
Global
	GlobalSection(SolutionConfigurationPlatforms) = preSolution
		Debug|Any CPU = Debug|Any CPU
		Release|Any CPU = Release|Any CPU
	EndGlobalSection
	GlobalSection(ProjectConfigurationPlatforms) = postSolution
		{916EE023-523E-473C-BF2E-871CABE9B6B6}.Debug|Any CPU.ActiveCfg = Debug|Any CPU
		{916EE023-523E-473C-BF2E-871CABE9B6B6}.Debug|Any CPU.Build.0 = Debug|Any CPU
		{916EE023-523E-473C-BF2E-871CABE9B6B6}.Release|Any CPU.ActiveCfg = Release|Any CPU
		{916EE023-523E-473C-BF2E-871CABE9B6B6}.Release|Any CPU.Build.0 = Release|Any CPU
	EndGlobalSection
	GlobalSection(SolutionProperties) = preSolution
		HideSolutionNode = FALSE
	EndGlobalSection
	GlobalSection(ExtensibilityGlobals) = postSolution
		SolutionGuid = {FF87D8A7-89B5-416D-9948-F322202220AD}
	EndGlobalSection
EndGlobal
