
Microsoft Visual Studio Solution File, Format Version 12.00
# Visual Studio 15
VisualStudioVersion = 15.0.27703.2026
MinimumVisualStudioVersion = 10.0.40219.1
Project("{FAE04EC0-301F-11D3-BF4B-00C04F79EFBC}") = "DependencyExample", "DependencyExample\DependencyExample.csproj", "{4E2E48F3-A142-41EA-B220-D0DB9A1F5B6A}"
EndProject
Project("{FAE04EC0-301F-11D3-BF4B-00C04F79EFBC}") = "DependencyExample.Core", "DependencyExample.Core\DependencyExample.Core.csproj", "{E032293F-65C1-4679-B337-BED41E3F6CEE}"
EndProject
Project("{FAE04EC0-301F-11D3-BF4B-00C04F79EFBC}") = "DependencyExample.FileManager", "DependencyExample.FileManager\DependencyExample.FileManager.csproj", "{4480631E-54CE-4443-9CA0-7F025D86710E}"
EndProject
Project("{FAE04EC0-301F-11D3-BF4B-00C04F79EFBC}") = "DependencyExample.MockFileManager", "DependencyExample.MemoryFileManager\DependencyExample.MockFileManager.csproj", "{5500D49A-0299-4671-B0D2-AB280190280E}"
EndProject
Project("{FAE04EC0-301F-11D3-BF4B-00C04F79EFBC}") = "DependencyExample.Logger", "DependencyExample.Logger\DependencyExample.Logger.csproj", "{9568AFCC-7D0E-4ACC-A575-520C5A77F311}"
EndProject
Global
	GlobalSection(SolutionConfigurationPlatforms) = preSolution
		Debug|Any CPU = Debug|Any CPU
		Release|Any CPU = Release|Any CPU
	EndGlobalSection
	GlobalSection(ProjectConfigurationPlatforms) = postSolution
		{4E2E48F3-A142-41EA-B220-D0DB9A1F5B6A}.Debug|Any CPU.ActiveCfg = Debug|Any CPU
		{4E2E48F3-A142-41EA-B220-D0DB9A1F5B6A}.Debug|Any CPU.Build.0 = Debug|Any CPU
		{4E2E48F3-A142-41EA-B220-D0DB9A1F5B6A}.Release|Any CPU.ActiveCfg = Release|Any CPU
		{4E2E48F3-A142-41EA-B220-D0DB9A1F5B6A}.Release|Any CPU.Build.0 = Release|Any CPU
		{E032293F-65C1-4679-B337-BED41E3F6CEE}.Debug|Any CPU.ActiveCfg = Debug|Any CPU
		{E032293F-65C1-4679-B337-BED41E3F6CEE}.Debug|Any CPU.Build.0 = Debug|Any CPU
		{E032293F-65C1-4679-B337-BED41E3F6CEE}.Release|Any CPU.ActiveCfg = Release|Any CPU
		{E032293F-65C1-4679-B337-BED41E3F6CEE}.Release|Any CPU.Build.0 = Release|Any CPU
		{4480631E-54CE-4443-9CA0-7F025D86710E}.Debug|Any CPU.ActiveCfg = Debug|Any CPU
		{4480631E-54CE-4443-9CA0-7F025D86710E}.Debug|Any CPU.Build.0 = Debug|Any CPU
		{4480631E-54CE-4443-9CA0-7F025D86710E}.Release|Any CPU.ActiveCfg = Release|Any CPU
		{4480631E-54CE-4443-9CA0-7F025D86710E}.Release|Any CPU.Build.0 = Release|Any CPU
		{5500D49A-0299-4671-B0D2-AB280190280E}.Debug|Any CPU.ActiveCfg = Debug|Any CPU
		{5500D49A-0299-4671-B0D2-AB280190280E}.Debug|Any CPU.Build.0 = Debug|Any CPU
		{5500D49A-0299-4671-B0D2-AB280190280E}.Release|Any CPU.ActiveCfg = Release|Any CPU
		{5500D49A-0299-4671-B0D2-AB280190280E}.Release|Any CPU.Build.0 = Release|Any CPU
		{9568AFCC-7D0E-4ACC-A575-520C5A77F311}.Debug|Any CPU.ActiveCfg = Debug|Any CPU
		{9568AFCC-7D0E-4ACC-A575-520C5A77F311}.Debug|Any CPU.Build.0 = Debug|Any CPU
		{9568AFCC-7D0E-4ACC-A575-520C5A77F311}.Release|Any CPU.ActiveCfg = Release|Any CPU
		{9568AFCC-7D0E-4ACC-A575-520C5A77F311}.Release|Any CPU.Build.0 = Release|Any CPU
	EndGlobalSection
	GlobalSection(SolutionProperties) = preSolution
		HideSolutionNode = FALSE
	EndGlobalSection
	GlobalSection(ExtensibilityGlobals) = postSolution
		SolutionGuid = {A96C376B-BF76-4B97-AC16-8B0C4DB26FBE}
	EndGlobalSection
EndGlobal
