
Microsoft Visual Studio Solution File, Format Version 12.00
# Visual Studio 15
VisualStudioVersion = 15.0.27428.2037
MinimumVisualStudioVersion = 10.0.40219.1
Project("{FAE04EC0-301F-11D3-BF4B-00C04F79EFBC}") = "TasksInConsole", "TasksInConsole\TasksInConsole.csproj", "{74FA56F8-DC5F-4DBE-AC49-3A770A5D1745}"
EndProject
Global
	GlobalSection(SolutionConfigurationPlatforms) = preSolution
		Debug|Any CPU = Debug|Any CPU
		Release|Any CPU = Release|Any CPU
	EndGlobalSection
	GlobalSection(ProjectConfigurationPlatforms) = postSolution
		{74FA56F8-DC5F-4DBE-AC49-3A770A5D1745}.Debug|Any CPU.ActiveCfg = Debug|Any CPU
		{74FA56F8-DC5F-4DBE-AC49-3A770A5D1745}.Debug|Any CPU.Build.0 = Debug|Any CPU
		{74FA56F8-DC5F-4DBE-AC49-3A770A5D1745}.Release|Any CPU.ActiveCfg = Release|Any CPU
		{74FA56F8-DC5F-4DBE-AC49-3A770A5D1745}.Release|Any CPU.Build.0 = Release|Any CPU
	EndGlobalSection
	GlobalSection(SolutionProperties) = preSolution
		HideSolutionNode = FALSE
	EndGlobalSection
	GlobalSection(ExtensibilityGlobals) = postSolution
		SolutionGuid = {90A07E03-AB2D-45BE-A1BF-B7AF2FBBB59F}
	EndGlobalSection
EndGlobal
