
Microsoft Visual Studio Solution File, Format Version 12.00
# Visual Studio 15
VisualStudioVersion = 15.0.27428.2037
MinimumVisualStudioVersion = 10.0.40219.1
Project("{FAE04EC0-301F-11D3-BF4B-00C04F79EFBC}") = "TasksInWPF", "TasksInWPF\TasksInWPF.csproj", "{A88A9774-8313-4863-9C8C-3D1121FC952C}"
EndProject
Global
	GlobalSection(SolutionConfigurationPlatforms) = preSolution
		Debug|Any CPU = Debug|Any CPU
		Release|Any CPU = Release|Any CPU
	EndGlobalSection
	GlobalSection(ProjectConfigurationPlatforms) = postSolution
		{A88A9774-8313-4863-9C8C-3D1121FC952C}.Debug|Any CPU.ActiveCfg = Debug|Any CPU
		{A88A9774-8313-4863-9C8C-3D1121FC952C}.Debug|Any CPU.Build.0 = Debug|Any CPU
		{A88A9774-8313-4863-9C8C-3D1121FC952C}.Release|Any CPU.ActiveCfg = Release|Any CPU
		{A88A9774-8313-4863-9C8C-3D1121FC952C}.Release|Any CPU.Build.0 = Release|Any CPU
	EndGlobalSection
	GlobalSection(SolutionProperties) = preSolution
		HideSolutionNode = FALSE
	EndGlobalSection
	GlobalSection(ExtensibilityGlobals) = postSolution
		SolutionGuid = {4C1A1660-0727-4C09-B893-481DCA678748}
	EndGlobalSection
EndGlobal
